
Microsoft Visual Studio Solution File, Format Version 12.00
# Visual Studio Version 16
VisualStudioVersion = 16.0.30907.101
MinimumVisualStudioVersion = 10.0.40219.1
Project("{FAE04EC0-301F-11D3-BF4B-00C04F79EFBC}") = "BankAccount", "BankAccount\BankAccount.csproj", "{C26A01F2-30B1-4D20-86E9-D833F91BD03B}"
EndProject
Global
	GlobalSection(SolutionConfigurationPlatforms) = preSolution
		Debug|Any CPU = Debug|Any CPU
		Release|Any CPU = Release|Any CPU
	EndGlobalSection
	GlobalSection(ProjectConfigurationPlatforms) = postSolution
		{C26A01F2-30B1-4D20-86E9-D833F91BD03B}.Debug|Any CPU.ActiveCfg = Debug|Any CPU
		{C26A01F2-30B1-4D20-86E9-D833F91BD03B}.Debug|Any CPU.Build.0 = Debug|Any CPU
		{C26A01F2-30B1-4D20-86E9-D833F91BD03B}.Release|Any CPU.ActiveCfg = Release|Any CPU
		{C26A01F2-30B1-4D20-86E9-D833F91BD03B}.Release|Any CPU.Build.0 = Release|Any CPU
	EndGlobalSection
	GlobalSection(SolutionProperties) = preSolution
		HideSolutionNode = FALSE
	EndGlobalSection
	GlobalSection(ExtensibilityGlobals) = postSolution
		SolutionGuid = {027C9DFB-FBE1-4ECC-97CE-B4D6B52AB85D}
	EndGlobalSection
EndGlobal
